// !$*UTF8*$!
{
	archiveVersion = 1;
	classes = {
	};
	objectVersion = 77;
	objects = {

/* Begin PBXBuildFile section */
		3A2413BE2EA6390900B3D3A7 /* AppConfig.swift in Sources */ = {isa = PBXBuildFile; fileRef = 3A2413BD2EA6390900B3D3A7 /* AppConfig.swift */; };
		3A2413C42EA7C7A400B3D3A7 /* DateUtils.swift in Sources */ = {isa = PBXBuildFile; fileRef = 3A2413C32EA7C7A400B3D3A7 /* DateUtils.swift */; };
		3A3599E92EA404F300E03D08 /* Models.swift in Sources */ = {isa = PBXBuildFile; fileRef = 3A3599E62EA404F300E03D08 /* Models.swift */; };
		3A3599EA2EA404F300E03D08 /* SessionTracker.swift in Sources */ = {isa = PBXBuildFile; fileRef = 3A3599E72EA404F300E03D08 /* SessionTracker.swift */; };
		3A3599EB2EA404F300E03D08 /* BeadsDatabase.swift in Sources */ = {isa = PBXBuildFile; fileRef = 3A3599E32EA404F300E03D08 /* BeadsDatabase.swift */; };
		3A3599EC2EA404F300E03D08 /* FileWatcher.swift in Sources */ = {isa = PBXBuildFile; fileRef = 3A3599E52EA404F300E03D08 /* FileWatcher.swift */; };
		3A3599ED2EA404F300E03D08 /* BeadsterExtension.swift in Sources */ = {isa = PBXBuildFile; fileRef = 3A3599E42EA404F300E03D08 /* BeadsterExtension.swift */; };
		3A3599EE2EA404F300E03D08 /* APIClient.swift in Sources */ = {isa = PBXBuildFile; fileRef = 3A3599E22EA404F300E03D08 /* APIClient.swift */; };
		3A359A0C2EA52A5C00E03D08 /* BeadsHelper.swift in Sources */ = {isa = PBXBuildFile; fileRef = 3A359A0B2EA52A5C00E03D08 /* BeadsHelper.swift */; };
		3A359A3D2EA5474300E03D08 /* GitInfoReader.swift in Sources */ = {isa = PBXBuildFile; fileRef = 3A359A3C2EA5474300E03D08 /* GitInfoReader.swift */; };
		3AAF88472EBA32EB009F3088 /* HashIDGenerator.swift in Sources */ = {isa = PBXBuildFile; fileRef = 3AAF88462EBA32EB009F3088 /* HashIDGenerator.swift */; };
/* End PBXBuildFile section */

/* Begin PBXFileReference section */
		3A2413BD2EA6390900B3D3A7 /* AppConfig.swift */ = {isa = PBXFileReference; lastKnownFileType = sourcecode.swift; path = AppConfig.swift; sourceTree = "<group>"; };
		3A2413C32EA7C7A400B3D3A7 /* DateUtils.swift */ = {isa = PBXFileReference; lastKnownFileType = sourcecode.swift; path = DateUtils.swift; sourceTree = "<group>"; };
		3A3599A82EA3C08000E03D08 /* Beadster.app */ = {isa = PBXFileReference; explicitFileType = wrapper.application; includeInIndex = 0; path = Beadster.app; sourceTree = BUILT_PRODUCTS_DIR; };
		3A3599E22EA404F300E03D08 /* APIClient.swift */ = {isa = PBXFileReference; lastKnownFileType = sourcecode.swift; path = APIClient.swift; sourceTree = "<group>"; };
		3A3599E32EA404F300E03D08 /* BeadsDatabase.swift */ = {isa = PBXFileReference; lastKnownFileType = sourcecode.swift; path = BeadsDatabase.swift; sourceTree = "<group>"; };
		3A3599E42EA404F300E03D08 /* BeadsterExtension.swift */ = {isa = PBXFileReference; lastKnownFileType = sourcecode.swift; path = BeadsterExtension.swift; sourceTree = "<group>"; };
		3A3599E52EA404F300E03D08 /* FileWatcher.swift */ = {isa = PBXFileReference; lastKnownFileType = sourcecode.swift; path = FileWatcher.swift; sourceTree = "<group>"; };
		3A3599E62EA404F300E03D08 /* Models.swift */ = {isa = PBXFileReference; lastKnownFileType = sourcecode.swift; path = Models.swift; sourceTree = "<group>"; };
		3A3599E72EA404F300E03D08 /* SessionTracker.swift */ = {isa = PBXFileReference; lastKnownFileType = sourcecode.swift; path = SessionTracker.swift; sourceTree = "<group>"; };
		3A359A0B2EA52A5C00E03D08 /* BeadsHelper.swift */ = {isa = PBXFileReference; lastKnownFileType = sourcecode.swift; path = BeadsHelper.swift; sourceTree = "<group>"; };
		3A359A3C2EA5474300E03D08 /* GitInfoReader.swift */ = {isa = PBXFileReference; lastKnownFileType = sourcecode.swift; path = GitInfoReader.swift; sourceTree = "<group>"; };
		3AAF88462EBA32EB009F3088 /* HashIDGenerator.swift */ = {isa = PBXFileReference; lastKnownFileType = sourcecode.swift; path = HashIDGenerator.swift; sourceTree = "<group>"; };
/* End PBXFileReference section */

/* Begin PBXFileSystemSynchronizedRootGroup section */
		3A3599AA2EA3C08000E03D08 /* Beadster */ = {
			isa = PBXFileSystemSynchronizedRootGroup;
			path = Beadster;
			sourceTree = "<group>";
		};
/* End PBXFileSystemSynchronizedRootGroup section */

/* Begin PBXFrameworksBuildPhase section */
		3A3599A52EA3C08000E03D08 /* Frameworks */ = {
			isa = PBXFrameworksBuildPhase;
			buildActionMask = 2147483647;
			files = (
			);
			runOnlyForDeploymentPostprocessing = 0;
		};
/* End PBXFrameworksBuildPhase section */

/* Begin PBXGroup section */
		3A35999F2EA3C08000E03D08 = {
			isa = PBXGroup;
			children = (
				3A3599E82EA404F300E03D08 /* Shared */,
				3A3599AA2EA3C08000E03D08 /* Beadster */,
				3A3599A92EA3C08000E03D08 /* Products */,
			);
			sourceTree = "<group>";
		};
		3A3599A92EA3C08000E03D08 /* Products */ = {
			isa = PBXGroup;
			children = (
				3A3599A82EA3C08000E03D08 /* Beadster.app */,
			);
			name = Products;
			sourceTree = "<group>";
		};
		3A3599E82EA404F300E03D08 /* Shared */ = {
			isa = PBXGroup;
			children = (
				3AAF88462EBA32EB009F3088 /* HashIDGenerator.swift */,
				3A2413C32EA7C7A400B3D3A7 /* DateUtils.swift */,
				3A2413BD2EA6390900B3D3A7 /* AppConfig.swift */,
				3A359A3C2EA5474300E03D08 /* GitInfoReader.swift */,
				3A359A0B2EA52A5C00E03D08 /* BeadsHelper.swift */,
				3A3599E22EA404F300E03D08 /* APIClient.swift */,
				3A3599E32EA404F300E03D08 /* BeadsDatabase.swift */,
				3A3599E42EA404F300E03D08 /* BeadsterExtension.swift */,
				3A3599E52EA404F300E03D08 /* FileWatcher.swift */,
				3A3599E62EA404F300E03D08 /* Models.swift */,
				3A3599E72EA404F300E03D08 /* SessionTracker.swift */,
			);
			path = Shared;
			sourceTree = "<group>";
		};
/* End PBXGroup section */

/* Begin PBXNativeTarget section */
		3A3599A72EA3C08000E03D08 /* Beadster */ = {
			isa = PBXNativeTarget;
			buildConfigurationList = 3A3599B42EA3C08100E03D08 /* Build configuration list for PBXNativeTarget "Beadster" */;
			buildPhases = (
				3A3599A42EA3C08000E03D08 /* Sources */,
				3A3599A52EA3C08000E03D08 /* Frameworks */,
				3A3599A62EA3C08000E03D08 /* Resources */,
			);
			buildRules = (
			);
			dependencies = (
			);
			fileSystemSynchronizedGroups = (
				3A3599AA2EA3C08000E03D08 /* Beadster */,
			);
			name = Beadster;
			packageProductDependencies = (
			);
			productName = Beadster;
			productReference = 3A3599A82EA3C08000E03D08 /* Beadster.app */;
			productType = "com.apple.product-type.application";
		};
/* End PBXNativeTarget section */

/* Begin PBXProject section */
		3A3599A02EA3C08000E03D08 /* Project object */ = {
			isa = PBXProject;
			attributes = {
				BuildIndependentTargetsInParallel = 1;
				LastSwiftUpdateCheck = 1640;
				LastUpgradeCheck = 1640;
				TargetAttributes = {
					3A3599A72EA3C08000E03D08 = {
						CreatedOnToolsVersion = 16.4;
					};
				};
			};
			buildConfigurationList = 3A3599A32EA3C08000E03D08 /* Build configuration list for PBXProject "Beadster" */;
			developmentRegion = en;
			hasScannedForEncodings = 0;
			knownRegions = (
				en,
				Base,
			);
			mainGroup = 3A35999F2EA3C08000E03D08;
			minimizedProjectReferenceProxies = 1;
			packageReferences = (
				3A359A3B2EA543B800E03D08 /* XCRemoteSwiftPackageReference "SwiftGit2" */,
				3A2413012EA54C6D00B3D3A7 /* XCRemoteSwiftPackageReference "SwiftGitX" */,
			);
			preferredProjectObjectVersion = 77;
			productRefGroup = 3A3599A92EA3C08000E03D08 /* Products */;
			projectDirPath = "";
			projectRoot = "";
			targets = (
				3A3599A72EA3C08000E03D08 /* Beadster */,
			);
		};
/* End PBXProject section */

/* Begin PBXResourcesBuildPhase section */
		3A3599A62EA3C08000E03D08 /* Resources */ = {
			isa = PBXResourcesBuildPhase;
			buildActionMask = 2147483647;
			files = (
			);
			runOnlyForDeploymentPostprocessing = 0;
		};
/* End PBXResourcesBuildPhase section */

/* Begin PBXSourcesBuildPhase section */
		3A3599A42EA3C08000E03D08 /* Sources */ = {
			isa = PBXSourcesBuildPhase;
			buildActionMask = 2147483647;
			files = (
				3A3599E92EA404F300E03D08 /* Models.swift in Sources */,
				3A3599EA2EA404F300E03D08 /* SessionTracker.swift in Sources */,
				3A2413C42EA7C7A400B3D3A7 /* DateUtils.swift in Sources */,
				3A2413BE2EA6390900B3D3A7 /* AppConfig.swift in Sources */,
				3A3599EB2EA404F300E03D08 /* BeadsDatabase.swift in Sources */,
				3AAF88472EBA32EB009F3088 /* HashIDGenerator.swift in Sources */,
				3A359A0C2EA52A5C00E03D08 /* BeadsHelper.swift in Sources */,
				3A3599EC2EA404F300E03D08 /* FileWatcher.swift in Sources */,
				3A3599ED2EA404F300E03D08 /* BeadsterExtension.swift in Sources */,
				3A359A3D2EA5474300E03D08 /* GitInfoReader.swift in Sources */,
				3A3599EE2EA404F300E03D08 /* APIClient.swift in Sources */,
			);
			runOnlyForDeploymentPostprocessing = 0;
		};
/* End PBXSourcesBuildPhase section */

/* Begin XCBuildConfiguration section */
		3A3599B22EA3C08100E03D08 /* Debug */ = {
			isa = XCBuildConfiguration;
			buildSettings = {
				ALWAYS_SEARCH_USER_PATHS = NO;
				ASSETCATALOG_COMPILER_GENERATE_SWIFT_ASSET_SYMBOL_EXTENSIONS = YES;
				CLANG_ANALYZER_NONNULL = YES;
				CLANG_ANALYZER_NUMBER_OBJECT_CONVERSION = YES_AGGRESSIVE;
				CLANG_CXX_LANGUAGE_STANDARD = "gnu++20";
				CLANG_ENABLE_MODULES = YES;
				CLANG_ENABLE_OBJC_ARC = YES;
				CLANG_ENABLE_OBJC_WEAK = YES;
				CLANG_WARN_BLOCK_CAPTURE_AUTORELEASING = YES;
				CLANG_WARN_BOOL_CONVERSION = YES;
				CLANG_WARN_COMMA = YES;
				CLANG_WARN_CONSTANT_CONVERSION = YES;
				CLANG_WARN_DEPRECATED_OBJC_IMPLEMENTATIONS = YES;
				CLANG_WARN_DIRECT_OBJC_ISA_USAGE = YES_ERROR;
				CLANG_WARN_DOCUMENTATION_COMMENTS = YES;
				CLANG_WARN_EMPTY_BODY = YES;
				CLANG_WARN_ENUM_CONVERSION = YES;
				CLANG_WARN_INFINITE_RECURSION = YES;
				CLANG_WARN_INT_CONVERSION = YES;
				CLANG_WARN_NON_LITERAL_NULL_CONVERSION = YES;
				CLANG_WARN_OBJC_IMPLICIT_RETAIN_SELF = YES;
				CLANG_WARN_OBJC_LITERAL_CONVERSION = YES;
				CLANG_WARN_OBJC_ROOT_CLASS = YES_ERROR;
				CLANG_WARN_QUOTED_INCLUDE_IN_FRAMEWORK_HEADER = YES;
				CLANG_WARN_RANGE_LOOP_ANALYSIS = YES;
				CLANG_WARN_STRICT_PROTOTYPES = YES;
				CLANG_WARN_SUSPICIOUS_MOVE = YES;
				CLANG_WARN_UNGUARDED_AVAILABILITY = YES_AGGRESSIVE;
				CLANG_WARN_UNREACHABLE_CODE = YES;
				CLANG_WARN__DUPLICATE_METHOD_MATCH = YES;
				COPY_PHASE_STRIP = NO;
				DEBUG_INFORMATION_FORMAT = dwarf;
				DEVELOPMENT_TEAM = 6TW2DVT32T;
				ENABLE_STRICT_OBJC_MSGSEND = YES;
				ENABLE_TESTABILITY = YES;
				ENABLE_USER_SCRIPT_SANDBOXING = YES;
				GCC_C_LANGUAGE_STANDARD = gnu17;
				GCC_DYNAMIC_NO_PIC = NO;
				GCC_NO_COMMON_BLOCKS = YES;
				GCC_OPTIMIZATION_LEVEL = 0;
				GCC_PREPROCESSOR_DEFINITIONS = (
					"DEBUG=1",
					"$(inherited)",
				);
				GCC_WARN_64_TO_32_BIT_CONVERSION = YES;
				GCC_WARN_ABOUT_RETURN_TYPE = YES_ERROR;
				GCC_WARN_UNDECLARED_SELECTOR = YES;
				GCC_WARN_UNINITIALIZED_AUTOS = YES_AGGRESSIVE;
				GCC_WARN_UNUSED_FUNCTION = YES;
				GCC_WARN_UNUSED_VARIABLE = YES;
				LOCALIZATION_PREFERS_STRING_CATALOGS = YES;
				MTL_ENABLE_DEBUG_INFO = INCLUDE_SOURCE;
				MTL_FAST_MATH = YES;
				ONLY_ACTIVE_ARCH = YES;
				SWIFT_ACTIVE_COMPILATION_CONDITIONS = "DEBUG $(inherited)";
				SWIFT_OPTIMIZATION_LEVEL = "-Onone";
			};
			name = Debug;
		};
		3A3599B32EA3C08100E03D08 /* Release */ = {
			isa = XCBuildConfiguration;
			buildSettings = {
				ALWAYS_SEARCH_USER_PATHS = NO;
				ASSETCATALOG_COMPILER_GENERATE_SWIFT_ASSET_SYMBOL_EXTENSIONS = YES;
				CLANG_ANALYZER_NONNULL = YES;
				CLANG_ANALYZER_NUMBER_OBJECT_CONVERSION = YES_AGGRESSIVE;
				CLANG_CXX_LANGUAGE_STANDARD = "gnu++20";
				CLANG_ENABLE_MODULES = YES;
				CLANG_ENABLE_OBJC_ARC = YES;
				CLANG_ENABLE_OBJC_WEAK = YES;
				CLANG_WARN_BLOCK_CAPTURE_AUTORELEASING = YES;
				CLANG_WARN_BOOL_CONVERSION = YES;
				CLANG_WARN_COMMA = YES;
				CLANG_WARN_CONSTANT_CONVERSION = YES;
				CLANG_WARN_DEPRECATED_OBJC_IMPLEMENTATIONS = YES;
				CLANG_WARN_DIRECT_OBJC_ISA_USAGE = YES_ERROR;
				CLANG_WARN_DOCUMENTATION_COMMENTS = YES;
				CLANG_WARN_EMPTY_BODY = YES;
				CLANG_WARN_ENUM_CONVERSION = YES;
				CLANG_WARN_INFINITE_RECURSION = YES;
				CLANG_WARN_INT_CONVERSION = YES;
				CLANG_WARN_NON_LITERAL_NULL_CONVERSION = YES;
				CLANG_WARN_OBJC_IMPLICIT_RETAIN_SELF = YES;
				CLANG_WARN_OBJC_LITERAL_CONVERSION = YES;
				CLANG_WARN_OBJC_ROOT_CLASS = YES_ERROR;
				CLANG_WARN_QUOTED_INCLUDE_IN_FRAMEWORK_HEADER = YES;
				CLANG_WARN_RANGE_LOOP_ANALYSIS = YES;
				CLANG_WARN_STRICT_PROTOTYPES = YES;
				CLANG_WARN_SUSPICIOUS_MOVE = YES;
				CLANG_WARN_UNGUARDED_AVAILABILITY = YES_AGGRESSIVE;
				CLANG_WARN_UNREACHABLE_CODE = YES;
				CLANG_WARN__DUPLICATE_METHOD_MATCH = YES;
				COPY_PHASE_STRIP = NO;
				DEBUG_INFORMATION_FORMAT = "dwarf-with-dsym";
				DEVELOPMENT_TEAM = 6TW2DVT32T;
				ENABLE_NS_ASSERTIONS = NO;
				ENABLE_STRICT_OBJC_MSGSEND = YES;
				ENABLE_USER_SCRIPT_SANDBOXING = YES;
				GCC_C_LANGUAGE_STANDARD = gnu17;
				GCC_NO_COMMON_BLOCKS = YES;
				GCC_WARN_64_TO_32_BIT_CONVERSION = YES;
				GCC_WARN_ABOUT_RETURN_TYPE = YES_ERROR;
				GCC_WARN_UNDECLARED_SELECTOR = YES;
				GCC_WARN_UNINITIALIZED_AUTOS = YES_AGGRESSIVE;
				GCC_WARN_UNUSED_FUNCTION = YES;
				GCC_WARN_UNUSED_VARIABLE = YES;
				LOCALIZATION_PREFERS_STRING_CATALOGS = YES;
				MTL_ENABLE_DEBUG_INFO = NO;
				MTL_FAST_MATH = YES;
				SWIFT_COMPILATION_MODE = wholemodule;
			};
			name = Release;
		};
		3A3599B52EA3C08100E03D08 /* Debug */ = {
			isa = XCBuildConfiguration;
			buildSettings = {
				ASSETCATALOG_COMPILER_APPICON_NAME = AppIcon;
				ASSETCATALOG_COMPILER_GLOBAL_ACCENT_COLOR_NAME = AccentColor;
				CODE_SIGN_ENTITLEMENTS = Beadster/Beadster.entitlements;
				"CODE_SIGN_IDENTITY[sdk=macosx*]" = "Apple Development";
				CODE_SIGN_STYLE = Automatic;
				CURRENT_PROJECT_VERSION = 9;
				DEVELOPMENT_TEAM = 6TW2DVT32T;
				ENABLE_HARDENED_RUNTIME = YES;
				ENABLE_PREVIEWS = YES;
				GENERATE_INFOPLIST_FILE = YES;
				INFOPLIST_FILE = Beadster/Info.plist;
				INFOPLIST_KEY_CFBundleDisplayName = "Beadster: Issue Tracking";
				INFOPLIST_KEY_CFBundleURLTypes = "{\n    CFBundleTypeRole = Editor;\n    CFBundleURLName = \"ai.beadster.mac\";\n    CFBundleURLSchemes =     (\n        beadster\n    );\n}";
				INFOPLIST_KEY_ITSAppUsesNonExemptEncryption = NO;
				INFOPLIST_KEY_LSApplicationCategoryType = "public.app-category.developer-tools";
				"INFOPLIST_KEY_UIApplicationSceneManifest_Generation[sdk=iphoneos*]" = YES;
				"INFOPLIST_KEY_UIApplicationSceneManifest_Generation[sdk=iphonesimulator*]" = YES;
				"INFOPLIST_KEY_UIApplicationSupportsIndirectInputEvents[sdk=iphoneos*]" = YES;
				"INFOPLIST_KEY_UIApplicationSupportsIndirectInputEvents[sdk=iphonesimulator*]" = YES;
				"INFOPLIST_KEY_UILaunchScreen_Generation[sdk=iphoneos*]" = YES;
				"INFOPLIST_KEY_UILaunchScreen_Generation[sdk=iphonesimulator*]" = YES;
				"INFOPLIST_KEY_UIStatusBarStyle[sdk=iphoneos*]" = UIStatusBarStyleDefault;
				"INFOPLIST_KEY_UIStatusBarStyle[sdk=iphonesimulator*]" = UIStatusBarStyleDefault;
				INFOPLIST_KEY_UISupportedInterfaceOrientations_iPad = "UIInterfaceOrientationPortrait UIInterfaceOrientationPortraitUpsideDown UIInterfaceOrientationLandscapeLeft UIInterfaceOrientationLandscapeRight";
				INFOPLIST_KEY_UISupportedInterfaceOrientations_iPhone = "UIInterfaceOrientationPortrait UIInterfaceOrientationLandscapeLeft UIInterfaceOrientationLandscapeRight";
				IPHONEOS_DEPLOYMENT_TARGET = 18.5;
				LD_RUNPATH_SEARCH_PATHS = "@executable_path/Frameworks";
				"LD_RUNPATH_SEARCH_PATHS[sdk=macosx*]" = "@executable_path/../Frameworks";
				MACOSX_DEPLOYMENT_TARGET = 15.5;
				MARKETING_VERSION = 1.3;
				PRODUCT_BUNDLE_IDENTIFIER = ai.beadster.mac;
				PRODUCT_NAME = "$(TARGET_NAME)";
				REGISTER_APP_GROUPS = YES;
				SDKROOT = auto;
				SUPPORTED_PLATFORMS = macosx;
				SUPPORTS_MACCATALYST = NO;
				SWIFT_EMIT_LOC_STRINGS = YES;
				SWIFT_VERSION = 5.0;
				XROS_DEPLOYMENT_TARGET = 2.5;
			};
			name = Debug;
		};
		3A3599B62EA3C08100E03D08 /* Release */ = {
			isa = XCBuildConfiguration;
			buildSettings = {
				ASSETCATALOG_COMPILER_APPICON_NAME = AppIcon;
				ASSETCATALOG_COMPILER_GLOBAL_ACCENT_COLOR_NAME = AccentColor;
				CODE_SIGN_ENTITLEMENTS = Beadster/Beadster.entitlements;
				"CODE_SIGN_IDENTITY[sdk=macosx*]" = "Apple Development";
				CODE_SIGN_STYLE = Automatic;
				CURRENT_PROJECT_VERSION = 9;
				DEVELOPMENT_TEAM = 6TW2DVT32T;
				ENABLE_HARDENED_RUNTIME = YES;
				ENABLE_PREVIEWS = YES;
				GENERATE_INFOPLIST_FILE = YES;
				INFOPLIST_FILE = Beadster/Info.plist;
				INFOPLIST_KEY_CFBundleDisplayName = "Beadster: Issue Tracking";
				INFOPLIST_KEY_CFBundleURLTypes = "{\n    CFBundleTypeRole = Editor;\n    CFBundleURLName = \"ai.beadster.mac\";\n    CFBundleURLSchemes =     (\n        beadster\n    );\n}";
				INFOPLIST_KEY_ITSAppUsesNonExemptEncryption = NO;
				INFOPLIST_KEY_LSApplicationCategoryType = "public.app-category.developer-tools";
				"INFOPLIST_KEY_UIApplicationSceneManifest_Generation[sdk=iphoneos*]" = YES;
				"INFOPLIST_KEY_UIApplicationSceneManifest_Generation[sdk=iphonesimulator*]" = YES;
				"INFOPLIST_KEY_UIApplicationSupportsIndirectInputEvents[sdk=iphoneos*]" = YES;
				"INFOPLIST_KEY_UIApplicationSupportsIndirectInputEvents[sdk=iphonesimulator*]" = YES;
				"INFOPLIST_KEY_UILaunchScreen_Generation[sdk=iphoneos*]" = YES;
				"INFOPLIST_KEY_UILaunchScreen_Generation[sdk=iphonesimulator*]" = YES;
				"INFOPLIST_KEY_UIStatusBarStyle[sdk=iphoneos*]" = UIStatusBarStyleDefault;
				"INFOPLIST_KEY_UIStatusBarStyle[sdk=iphonesimulator*]" = UIStatusBarStyleDefault;
				INFOPLIST_KEY_UISupportedInterfaceOrientations_iPad = "UIInterfaceOrientationPortrait UIInterfaceOrientationPortraitUpsideDown UIInterfaceOrientationLandscapeLeft UIInterfaceOrientationLandscapeRight";
				INFOPLIST_KEY_UISupportedInterfaceOrientations_iPhone = "UIInterfaceOrientationPortrait UIInterfaceOrientationLandscapeLeft UIInterfaceOrientationLandscapeRight";
				IPHONEOS_DEPLOYMENT_TARGET = 18.5;
				LD_RUNPATH_SEARCH_PATHS = "@executable_path/Frameworks";
				"LD_RUNPATH_SEARCH_PATHS[sdk=macosx*]" = "@executable_path/../Frameworks";
				MACOSX_DEPLOYMENT_TARGET = 15.5;
				MARKETING_VERSION = 1.3;
				PRODUCT_BUNDLE_IDENTIFIER = ai.beadster.mac;
				PRODUCT_NAME = "$(TARGET_NAME)";
				REGISTER_APP_GROUPS = YES;
				SDKROOT = auto;
				SUPPORTED_PLATFORMS = macosx;
				SUPPORTS_MACCATALYST = NO;
				SWIFT_EMIT_LOC_STRINGS = YES;
				SWIFT_VERSION = 5.0;
				XROS_DEPLOYMENT_TARGET = 2.5;
			};
			name = Release;
		};
/* End XCBuildConfiguration section */

/* Begin XCConfigurationList section */
		3A3599A32EA3C08000E03D08 /* Build configuration list for PBXProject "Beadster" */ = {
			isa = XCConfigurationList;
			buildConfigurations = (
				3A3599B22EA3C08100E03D08 /* Debug */,
				3A3599B32EA3C08100E03D08 /* Release */,
			);
			defaultConfigurationIsVisible = 0;
			defaultConfigurationName = Release;
		};
		3A3599B42EA3C08100E03D08 /* Build configuration list for PBXNativeTarget "Beadster" */ = {
			isa = XCConfigurationList;
			buildConfigurations = (
				3A3599B52EA3C08100E03D08 /* Debug */,
				3A3599B62EA3C08100E03D08 /* Release */,
			);
			defaultConfigurationIsVisible = 0;
			defaultConfigurationName = Release;
		};
/* End XCConfigurationList section */

/* Begin XCRemoteSwiftPackageReference section */
		3A2413012EA54C6D00B3D3A7 /* XCRemoteSwiftPackageReference "SwiftGitX" */ = {
			isa = XCRemoteSwiftPackageReference;
			repositoryURL = "https://github.com/ibrahimcetin/SwiftGitX";
			requirement = {
				kind = upToNextMajorVersion;
				minimumVersion = 0.1.9;
			};
		};
		3A359A3B2EA543B800E03D08 /* XCRemoteSwiftPackageReference "SwiftGit2" */ = {
			isa = XCRemoteSwiftPackageReference;
			repositoryURL = "https://github.com/SwiftGit2/SwiftGit2.git";
			requirement = {
				kind = upToNextMajorVersion;
				minimumVersion = 0.6.0;
			};
		};
/* End XCRemoteSwiftPackageReference section */
	};
	rootObject = 3A3599A02EA3C08000E03D08 /* Project object */;
}
